
Microsoft Visual Studio Solution File, Format Version 12.00
# Visual Studio 15
VisualStudioVersion = 15.0.27703.2042
MinimumVisualStudioVersion = 10.0.40219.1
Project("{FAE04EC0-301F-11D3-BF4B-00C04F79EFBC}") = "ENBpresetAssistant", "ENBpresetAssistant\ENBpresetAssistant.csproj", "{5475B2F7-3DEB-45BC-84DD-90FBC81EAB8E}"
EndProject
Global
	GlobalSection(SolutionConfigurationPlatforms) = preSolution
		Debug|Any CPU = Debug|Any CPU
		Release|Any CPU = Release|Any CPU
	EndGlobalSection
	GlobalSection(ProjectConfigurationPlatforms) = postSolution
		{5475B2F7-3DEB-45BC-84DD-90FBC81EAB8E}.Debug|Any CPU.ActiveCfg = Debug|Any CPU
		{5475B2F7-3DEB-45BC-84DD-90FBC81EAB8E}.Debug|Any CPU.Build.0 = Debug|Any CPU
		{5475B2F7-3DEB-45BC-84DD-90FBC81EAB8E}.Release|Any CPU.ActiveCfg = Release|Any CPU
		{5475B2F7-3DEB-45BC-84DD-90FBC81EAB8E}.Release|Any CPU.Build.0 = Release|Any CPU
	EndGlobalSection
	GlobalSection(SolutionProperties) = preSolution
		HideSolutionNode = FALSE
	EndGlobalSection
	GlobalSection(ExtensibilityGlobals) = postSolution
		SolutionGuid = {FB697EFC-97F1-4CF5-A718-A6B5A60D1FD0}
	EndGlobalSection
EndGlobal
